
Microsoft Visual Studio Solution File, Format Version 12.00
Project("{FAE04EC0-301F-11D3-BF4B-00C04F79EFBC}") = "Zeugnismanagement_OOP", "Zeugnismanagement_OOP.csproj", "{C480CC58-D43D-4DEC-AB90-EE304B20848A}"
EndProject
Global
	GlobalSection(SolutionConfigurationPlatforms) = preSolution
		Debug|Any CPU = Debug|Any CPU
		Release|Any CPU = Release|Any CPU
	EndGlobalSection
	GlobalSection(ProjectConfigurationPlatforms) = postSolution
		{C480CC58-D43D-4DEC-AB90-EE304B20848A}.Debug|Any CPU.ActiveCfg = Debug|Any CPU
		{C480CC58-D43D-4DEC-AB90-EE304B20848A}.Debug|Any CPU.Build.0 = Debug|Any CPU
		{C480CC58-D43D-4DEC-AB90-EE304B20848A}.Release|Any CPU.ActiveCfg = Release|Any CPU
		{C480CC58-D43D-4DEC-AB90-EE304B20848A}.Release|Any CPU.Build.0 = Release|Any CPU
	EndGlobalSection
EndGlobal
